
Microsoft Visual Studio Solution File, Format Version 12.00
# Visual Studio Version 16
VisualStudioVersion = 16.0.29519.181
MinimumVisualStudioVersion = 10.0.40219.1
Project("{9A19103F-16F7-4668-BE54-9A1E7A4F7556}") = "MMTTestApi", "MMTTestApi.csproj", "{C63A7D6C-DED6-4875-91D0-4AA4A8A70B2E}"
EndProject
Project("{9A19103F-16F7-4668-BE54-9A1E7A4F7556}") = "MMTTestConsoleApp", "..\MMTTestConsoleApp\MMTTestConsoleApp.csproj", "{6289AB00-C286-40EC-BEEE-F52311640908}"
EndProject
Project("{FAE04EC0-301F-11D3-BF4B-00C04F79EFBC}") = "MMTTestUnitTests", "..\MMTTestUnitTests\MMTTestUnitTests.csproj", "{634B7B74-0709-4957-B88E-BA6F564F483F}"
EndProject
Global
	GlobalSection(SolutionConfigurationPlatforms) = preSolution
		Debug|Any CPU = Debug|Any CPU
		Release|Any CPU = Release|Any CPU
	EndGlobalSection
	GlobalSection(ProjectConfigurationPlatforms) = postSolution
		{C63A7D6C-DED6-4875-91D0-4AA4A8A70B2E}.Debug|Any CPU.ActiveCfg = Debug|Any CPU
		{C63A7D6C-DED6-4875-91D0-4AA4A8A70B2E}.Debug|Any CPU.Build.0 = Debug|Any CPU
		{C63A7D6C-DED6-4875-91D0-4AA4A8A70B2E}.Release|Any CPU.ActiveCfg = Release|Any CPU
		{C63A7D6C-DED6-4875-91D0-4AA4A8A70B2E}.Release|Any CPU.Build.0 = Release|Any CPU
		{6289AB00-C286-40EC-BEEE-F52311640908}.Debug|Any CPU.ActiveCfg = Debug|Any CPU
		{6289AB00-C286-40EC-BEEE-F52311640908}.Debug|Any CPU.Build.0 = Debug|Any CPU
		{6289AB00-C286-40EC-BEEE-F52311640908}.Release|Any CPU.ActiveCfg = Release|Any CPU
		{6289AB00-C286-40EC-BEEE-F52311640908}.Release|Any CPU.Build.0 = Release|Any CPU
		{634B7B74-0709-4957-B88E-BA6F564F483F}.Debug|Any CPU.ActiveCfg = Debug|Any CPU
		{634B7B74-0709-4957-B88E-BA6F564F483F}.Debug|Any CPU.Build.0 = Debug|Any CPU
		{634B7B74-0709-4957-B88E-BA6F564F483F}.Release|Any CPU.ActiveCfg = Release|Any CPU
		{634B7B74-0709-4957-B88E-BA6F564F483F}.Release|Any CPU.Build.0 = Release|Any CPU
	EndGlobalSection
	GlobalSection(SolutionProperties) = preSolution
		HideSolutionNode = FALSE
	EndGlobalSection
	GlobalSection(ExtensibilityGlobals) = postSolution
		SolutionGuid = {3210ABF0-EDF0-4E1B-97C0-EE9684F9A1D3}
	EndGlobalSection
EndGlobal
